
Microsoft Visual Studio Solution File, Format Version 12.00
# Visual Studio Version 17
VisualStudioVersion = 17.9.34728.123
MinimumVisualStudioVersion = 10.0.40219.1
Project("{FAE04EC0-301F-11D3-BF4B-00C04F79EFBC}") = "Console Server Testing", "Console Server Testing\Console Server Testing.csproj", "{27C93D56-5D4E-41AC-A648-E3F2E05CCAA1}"
EndProject
Global
	GlobalSection(SolutionConfigurationPlatforms) = preSolution
		Debug|Any CPU = Debug|Any CPU
		Release|Any CPU = Release|Any CPU
	EndGlobalSection
	GlobalSection(ProjectConfigurationPlatforms) = postSolution
		{27C93D56-5D4E-41AC-A648-E3F2E05CCAA1}.Debug|Any CPU.ActiveCfg = Debug|Any CPU
		{27C93D56-5D4E-41AC-A648-E3F2E05CCAA1}.Debug|Any CPU.Build.0 = Debug|Any CPU
		{27C93D56-5D4E-41AC-A648-E3F2E05CCAA1}.Release|Any CPU.ActiveCfg = Release|Any CPU
		{27C93D56-5D4E-41AC-A648-E3F2E05CCAA1}.Release|Any CPU.Build.0 = Release|Any CPU
	EndGlobalSection
	GlobalSection(SolutionProperties) = preSolution
		HideSolutionNode = FALSE
	EndGlobalSection
	GlobalSection(ExtensibilityGlobals) = postSolution
		SolutionGuid = {B674CCB2-2A7A-47BD-8DC0-4577DA880D7A}
	EndGlobalSection
EndGlobal
