
Microsoft Visual Studio Solution File, Format Version 12.00
# Visual Studio Version 17
VisualStudioVersion = 17.9.34728.123
MinimumVisualStudioVersion = 10.0.40219.1
Project("{FAE04EC0-301F-11D3-BF4B-00C04F79EFBC}") = "ConsoleServer", "ConsoleServer\ConsoleServer.csproj", "{51C89EA2-B2F7-4B40-A86F-B59901FD96D1}"
EndProject
Global
	GlobalSection(SolutionConfigurationPlatforms) = preSolution
		Debug|Any CPU = Debug|Any CPU
		Release|Any CPU = Release|Any CPU
	EndGlobalSection
	GlobalSection(ProjectConfigurationPlatforms) = postSolution
		{51C89EA2-B2F7-4B40-A86F-B59901FD96D1}.Debug|Any CPU.ActiveCfg = Debug|Any CPU
		{51C89EA2-B2F7-4B40-A86F-B59901FD96D1}.Debug|Any CPU.Build.0 = Debug|Any CPU
		{51C89EA2-B2F7-4B40-A86F-B59901FD96D1}.Release|Any CPU.ActiveCfg = Release|Any CPU
		{51C89EA2-B2F7-4B40-A86F-B59901FD96D1}.Release|Any CPU.Build.0 = Release|Any CPU
	EndGlobalSection
	GlobalSection(SolutionProperties) = preSolution
		HideSolutionNode = FALSE
	EndGlobalSection
	GlobalSection(ExtensibilityGlobals) = postSolution
		SolutionGuid = {56822051-50B1-426F-9B88-80A11490FA81}
	EndGlobalSection
EndGlobal
